{
  "version": "0.1.0",
  "lockfileVersion": 1,
  "requires": true,
  "dependencies": {
    "@panda-clouds/string": {
      "version": "1.0.2",
      "resolved": "https://registry.npmjs.org/@panda-clouds/string/-/string-1.0.2.tgz",
      "integrity": "sha512-Nn3gwvaGbrzaMK7htvMl6rzpBZ9+0+ALRWnAV5LekRjagzhm8YZy9d+iEvSrfBUJFI2wpJl5oLDPbx58hkWQIA=="
    }
  }
}
